
Microsoft Visual Studio Solution File, Format Version 11.00
# Visual Studio 2010
Project("{FAE04EC0-301F-11D3-BF4B-00C04F79EFBC}") = "TwitchApplication", "TwitchApplication\TwitchApplication.csproj", "{0EF6559D-56A8-4B83-B420-825D4FD6A388}"
EndProject
Project("{FAE04EC0-301F-11D3-BF4B-00C04F79EFBC}") = "BusinessObjectLayer", "BusinessObjectLayer\BusinessObjectLayer.csproj", "{67DB89A8-C008-4A88-B313-13BC15905596}"
EndProject
Project("{FAE04EC0-301F-11D3-BF4B-00C04F79EFBC}") = "BusinessLogicLayer", "BusinessLogicLayer\BusinessLogicLayer.csproj", "{2F272D3B-B87E-4B1B-BD50-FA1A0145D91B}"
EndProject
Project("{FAE04EC0-301F-11D3-BF4B-00C04F79EFBC}") = "DataAccessLayer", "DataAccessLayer\DataAccessLayer.csproj", "{C7552799-56F4-454D-A68B-54E3D8AA7678}"
EndProject
Global
	GlobalSection(SolutionConfigurationPlatforms) = preSolution
		Debug|Any CPU = Debug|Any CPU
		Release|Any CPU = Release|Any CPU
	EndGlobalSection
	GlobalSection(ProjectConfigurationPlatforms) = postSolution
		{0EF6559D-56A8-4B83-B420-825D4FD6A388}.Debug|Any CPU.ActiveCfg = Debug|Any CPU
		{0EF6559D-56A8-4B83-B420-825D4FD6A388}.Debug|Any CPU.Build.0 = Debug|Any CPU
		{0EF6559D-56A8-4B83-B420-825D4FD6A388}.Release|Any CPU.ActiveCfg = Release|Any CPU
		{0EF6559D-56A8-4B83-B420-825D4FD6A388}.Release|Any CPU.Build.0 = Release|Any CPU
		{67DB89A8-C008-4A88-B313-13BC15905596}.Debug|Any CPU.ActiveCfg = Debug|Any CPU
		{67DB89A8-C008-4A88-B313-13BC15905596}.Debug|Any CPU.Build.0 = Debug|Any CPU
		{67DB89A8-C008-4A88-B313-13BC15905596}.Release|Any CPU.ActiveCfg = Release|Any CPU
		{67DB89A8-C008-4A88-B313-13BC15905596}.Release|Any CPU.Build.0 = Release|Any CPU
		{2F272D3B-B87E-4B1B-BD50-FA1A0145D91B}.Debug|Any CPU.ActiveCfg = Debug|Any CPU
		{2F272D3B-B87E-4B1B-BD50-FA1A0145D91B}.Debug|Any CPU.Build.0 = Debug|Any CPU
		{2F272D3B-B87E-4B1B-BD50-FA1A0145D91B}.Release|Any CPU.ActiveCfg = Release|Any CPU
		{2F272D3B-B87E-4B1B-BD50-FA1A0145D91B}.Release|Any CPU.Build.0 = Release|Any CPU
		{C7552799-56F4-454D-A68B-54E3D8AA7678}.Debug|Any CPU.ActiveCfg = Debug|Any CPU
		{C7552799-56F4-454D-A68B-54E3D8AA7678}.Debug|Any CPU.Build.0 = Debug|Any CPU
		{C7552799-56F4-454D-A68B-54E3D8AA7678}.Release|Any CPU.ActiveCfg = Release|Any CPU
		{C7552799-56F4-454D-A68B-54E3D8AA7678}.Release|Any CPU.Build.0 = Release|Any CPU
	EndGlobalSection
	GlobalSection(SolutionProperties) = preSolution
		HideSolutionNode = FALSE
	EndGlobalSection
EndGlobal
